// !$*UTF8*$!
{
	archiveVersion = 1;
	classes = {
	};
	objectVersion = 50;
	objects = {

/* Begin PBXBuildFile section */
		2CA9D6B222554AFC004D604C /* AppDelegate.swift in Sources */ = {isa = PBXBuildFile; fileRef = 2CA9D6B122554AFC004D604C /* AppDelegate.swift */; };
		2CA9D6B422554AFC004D604C /* ViewController.swift in Sources */ = {isa = PBXBuildFile; fileRef = 2CA9D6B322554AFC004D604C /* ViewController.swift */; };
		2CA9D6B922554B03004D604C /* Assets.xcassets in Resources */ = {isa = PBXBuildFile; fileRef = 2CA9D6B822554B03004D604C /* Assets.xcassets */; };
		2CA9D6BC22554B03004D604C /* LaunchScreen.storyboard in Resources */ = {isa = PBXBuildFile; fileRef = 2CA9D6BA22554B03004D604C /* LaunchScreen.storyboard */; };
		2CAC5A4222554C0A00B700AE /* smoke.scnp in Resources */ = {isa = PBXBuildFile; fileRef = 2CAC5A3E22554C0A00B700AE /* smoke.scnp */; };
		2CAC5A4322554C0A00B700AE /* smoke.png in Resources */ = {isa = PBXBuildFile; fileRef = 2CAC5A3F22554C0A00B700AE /* smoke.png */; };
		2CAC5A4422554C0A00B700AE /* spark.png in Resources */ = {isa = PBXBuildFile; fileRef = 2CAC5A4022554C0A00B700AE /* spark.png */; };
		2CAC5A4522554C0A00B700AE /* fire.scnp in Resources */ = {isa = PBXBuildFile; fileRef = 2CAC5A4122554C0A00B700AE /* fire.scnp */; };
		2CAC5A4A22554C4A00B700AE /* kaboom.mp3 in Resources */ = {isa = PBXBuildFile; fileRef = 2CAC5A4722554C4800B700AE /* kaboom.mp3 */; };
		2CAC5A4B22554C4A00B700AE /* gunSound.wav in Resources */ = {isa = PBXBuildFile; fileRef = 2CAC5A4822554C4900B700AE /* gunSound.wav */; };
		2CAC5A4C22554C4A00B700AE /* wow.aiff in Resources */ = {isa = PBXBuildFile; fileRef = 2CAC5A4922554C4A00B700AE /* wow.aiff */; };
		2CAC5A4F22554C7500B700AE /* art.scnassets in Resources */ = {isa = PBXBuildFile; fileRef = 2CAC5A4E22554C7500B700AE /* art.scnassets */; };
		2CAC5A5122554CDB00B700AE /* Main.storyboard in Resources */ = {isa = PBXBuildFile; fileRef = 2CAC5A5022554CDB00B700AE /* Main.storyboard */; };
		2CAC5A5322554D1E00B700AE /* HomeViewController.swift in Sources */ = {isa = PBXBuildFile; fileRef = 2CAC5A5222554D1E00B700AE /* HomeViewController.swift */; };
/* End PBXBuildFile section */

/* Begin PBXFileReference section */
		2CA9D6AE22554AFC004D604C /* SkeletonShooter.app */ = {isa = PBXFileReference; explicitFileType = wrapper.application; includeInIndex = 0; path = SkeletonShooter.app; sourceTree = BUILT_PRODUCTS_DIR; };
		2CA9D6B122554AFC004D604C /* AppDelegate.swift */ = {isa = PBXFileReference; lastKnownFileType = sourcecode.swift; path = AppDelegate.swift; sourceTree = "<group>"; };
		2CA9D6B322554AFC004D604C /* ViewController.swift */ = {isa = PBXFileReference; lastKnownFileType = sourcecode.swift; path = ViewController.swift; sourceTree = "<group>"; };
		2CA9D6B822554B03004D604C /* Assets.xcassets */ = {isa = PBXFileReference; lastKnownFileType = folder.assetcatalog; path = Assets.xcassets; sourceTree = "<group>"; };
		2CA9D6BB22554B03004D604C /* Base */ = {isa = PBXFileReference; lastKnownFileType = file.storyboard; name = Base; path = Base.lproj/LaunchScreen.storyboard; sourceTree = "<group>"; };
		2CA9D6BD22554B03004D604C /* Info.plist */ = {isa = PBXFileReference; lastKnownFileType = text.plist.xml; path = Info.plist; sourceTree = "<group>"; };
		2CAC5A3E22554C0A00B700AE /* smoke.scnp */ = {isa = PBXFileReference; lastKnownFileType = file.scp; path = smoke.scnp; sourceTree = "<group>"; };
		2CAC5A3F22554C0A00B700AE /* smoke.png */ = {isa = PBXFileReference; lastKnownFileType = image.png; path = smoke.png; sourceTree = "<group>"; };
		2CAC5A4022554C0A00B700AE /* spark.png */ = {isa = PBXFileReference; lastKnownFileType = image.png; path = spark.png; sourceTree = "<group>"; };
		2CAC5A4122554C0A00B700AE /* fire.scnp */ = {isa = PBXFileReference; lastKnownFileType = file.scp; path = fire.scnp; sourceTree = "<group>"; };
		2CAC5A4722554C4800B700AE /* kaboom.mp3 */ = {isa = PBXFileReference; lastKnownFileType = audio.mp3; path = kaboom.mp3; sourceTree = "<group>"; };
		2CAC5A4822554C4900B700AE /* gunSound.wav */ = {isa = PBXFileReference; lastKnownFileType = audio.wav; path = gunSound.wav; sourceTree = "<group>"; };
		2CAC5A4922554C4A00B700AE /* wow.aiff */ = {isa = PBXFileReference; lastKnownFileType = audio.aiff; path = wow.aiff; sourceTree = "<group>"; };
		2CAC5A4E22554C7500B700AE /* art.scnassets */ = {isa = PBXFileReference; lastKnownFileType = wrapper.scnassets; name = art.scnassets; path = art.scnassets/art.scnassets; sourceTree = "<group>"; };
		2CAC5A5022554CDB00B700AE /* Main.storyboard */ = {isa = PBXFileReference; fileEncoding = 4; lastKnownFileType = file.storyboard; path = Main.storyboard; sourceTree = "<group>"; };
		2CAC5A5222554D1E00B700AE /* HomeViewController.swift */ = {isa = PBXFileReference; lastKnownFileType = sourcecode.swift; path = HomeViewController.swift; sourceTree = "<group>"; };
/* End PBXFileReference section */

/* Begin PBXFrameworksBuildPhase section */
		2CA9D6AB22554AFC004D604C /* Frameworks */ = {
			isa = PBXFrameworksBuildPhase;
			buildActionMask = 2147483647;
			files = (
			);
			runOnlyForDeploymentPostprocessing = 0;
		};
/* End PBXFrameworksBuildPhase section */

/* Begin PBXGroup section */
		2CA9D6A522554AFC004D604C = {
			isa = PBXGroup;
			children = (
				2CA9D6B022554AFC004D604C /* SkeletonShooter */,
				2CA9D6AF22554AFC004D604C /* Products */,
			);
			sourceTree = "<group>";
		};
		2CA9D6AF22554AFC004D604C /* Products */ = {
			isa = PBXGroup;
			children = (
				2CA9D6AE22554AFC004D604C /* SkeletonShooter.app */,
			);
			name = Products;
			sourceTree = "<group>";
		};
		2CA9D6B022554AFC004D604C /* SkeletonShooter */ = {
			isa = PBXGroup;
			children = (
				2CAC5A3D22554BA400B700AE /* Effects */,
				2CAC5A4622554C2000B700AE /* Sound Effects */,
				2CA9D6B122554AFC004D604C /* AppDelegate.swift */,
				2CA9D6B322554AFC004D604C /* ViewController.swift */,
				2CAC5A5222554D1E00B700AE /* HomeViewController.swift */,
				2CAC5A5022554CDB00B700AE /* Main.storyboard */,
				2CAC5A4E22554C7500B700AE /* art.scnassets */,
				2CA9D6B822554B03004D604C /* Assets.xcassets */,
				2CA9D6BA22554B03004D604C /* LaunchScreen.storyboard */,
				2CA9D6BD22554B03004D604C /* Info.plist */,
			);
			path = SkeletonShooter;
			sourceTree = "<group>";
		};
		2CAC5A3D22554BA400B700AE /* Effects */ = {
			isa = PBXGroup;
			children = (
				2CAC5A4122554C0A00B700AE /* fire.scnp */,
				2CAC5A3F22554C0A00B700AE /* smoke.png */,
				2CAC5A3E22554C0A00B700AE /* smoke.scnp */,
				2CAC5A4022554C0A00B700AE /* spark.png */,
			);
			path = Effects;
			sourceTree = "<group>";
		};
		2CAC5A4622554C2000B700AE /* Sound Effects */ = {
			isa = PBXGroup;
			children = (
				2CAC5A4722554C4800B700AE /* kaboom.mp3 */,
				2CAC5A4822554C4900B700AE /* gunSound.wav */,
				2CAC5A4922554C4A00B700AE /* wow.aiff */,
			);
			path = "Sound Effects";
			sourceTree = "<group>";
		};
/* End PBXGroup section */

/* Begin PBXNativeTarget section */
		2CA9D6AD22554AFC004D604C /* SkeletonShooter */ = {
			isa = PBXNativeTarget;
			buildConfigurationList = 2CA9D6C022554B03004D604C /* Build configuration list for PBXNativeTarget "SkeletonShooter" */;
			buildPhases = (
				2CA9D6AA22554AFC004D604C /* Sources */,
				2CA9D6AB22554AFC004D604C /* Frameworks */,
				2CA9D6AC22554AFC004D604C /* Resources */,
			);
			buildRules = (
			);
			dependencies = (
			);
			name = SkeletonShooter;
			productName = SkeletonShooter;
			productReference = 2CA9D6AE22554AFC004D604C /* SkeletonShooter.app */;
			productType = "com.apple.product-type.application";
		};
/* End PBXNativeTarget section */

/* Begin PBXProject section */
		2CA9D6A622554AFC004D604C /* Project object */ = {
			isa = PBXProject;
			attributes = {
				LastSwiftUpdateCheck = 1020;
				LastUpgradeCheck = 1020;
				ORGANIZATIONNAME = CentennialCollege;
				TargetAttributes = {
					2CA9D6AD22554AFC004D604C = {
						CreatedOnToolsVersion = 10.2;
					};
				};
			};
			buildConfigurationList = 2CA9D6A922554AFC004D604C /* Build configuration list for PBXProject "SkeletonShooter" */;
			compatibilityVersion = "Xcode 9.3";
			developmentRegion = en;
			hasScannedForEncodings = 0;
			knownRegions = (
				en,
				Base,
			);
			mainGroup = 2CA9D6A522554AFC004D604C;
			productRefGroup = 2CA9D6AF22554AFC004D604C /* Products */;
			projectDirPath = "";
			projectRoot = "";
			targets = (
				2CA9D6AD22554AFC004D604C /* SkeletonShooter */,
			);
		};
/* End PBXProject section */

/* Begin PBXResourcesBuildPhase section */
		2CA9D6AC22554AFC004D604C /* Resources */ = {
			isa = PBXResourcesBuildPhase;
			buildActionMask = 2147483647;
			files = (
				2CA9D6BC22554B03004D604C /* LaunchScreen.storyboard in Resources */,
				2CAC5A4F22554C7500B700AE /* art.scnassets in Resources */,
				2CAC5A4422554C0A00B700AE /* spark.png in Resources */,
				2CAC5A5122554CDB00B700AE /* Main.storyboard in Resources */,
				2CAC5A4522554C0A00B700AE /* fire.scnp in Resources */,
				2CA9D6B922554B03004D604C /* Assets.xcassets in Resources */,
				2CAC5A4A22554C4A00B700AE /* kaboom.mp3 in Resources */,
				2CAC5A4322554C0A00B700AE /* smoke.png in Resources */,
				2CAC5A4C22554C4A00B700AE /* wow.aiff in Resources */,
				2CAC5A4B22554C4A00B700AE /* gunSound.wav in Resources */,
				2CAC5A4222554C0A00B700AE /* smoke.scnp in Resources */,
			);
			runOnlyForDeploymentPostprocessing = 0;
		};
/* End PBXResourcesBuildPhase section */

/* Begin PBXSourcesBuildPhase section */
		2CA9D6AA22554AFC004D604C /* Sources */ = {
			isa = PBXSourcesBuildPhase;
			buildActionMask = 2147483647;
			files = (
				2CA9D6B422554AFC004D604C /* ViewController.swift in Sources */,
				2CA9D6B222554AFC004D604C /* AppDelegate.swift in Sources */,
				2CAC5A5322554D1E00B700AE /* HomeViewController.swift in Sources */,
			);
			runOnlyForDeploymentPostprocessing = 0;
		};
/* End PBXSourcesBuildPhase section */

/* Begin PBXVariantGroup section */
		2CA9D6BA22554B03004D604C /* LaunchScreen.storyboard */ = {
			isa = PBXVariantGroup;
			children = (
				2CA9D6BB22554B03004D604C /* Base */,
			);
			name = LaunchScreen.storyboard;
			sourceTree = "<group>";
		};
/* End PBXVariantGroup section */

/* Begin XCBuildConfiguration section */
		2CA9D6BE22554B03004D604C /* Debug */ = {
			isa = XCBuildConfiguration;
			buildSettings = {
				ALWAYS_SEARCH_USER_PATHS = NO;
				CLANG_ANALYZER_NONNULL = YES;
				CLANG_ANALYZER_NUMBER_OBJECT_CONVERSION = YES_AGGRESSIVE;
				CLANG_CXX_LANGUAGE_STANDARD = "gnu++14";
				CLANG_CXX_LIBRARY = "libc++";
				CLANG_ENABLE_MODULES = YES;
				CLANG_ENABLE_OBJC_ARC = YES;
				CLANG_ENABLE_OBJC_WEAK = YES;
				CLANG_WARN_BLOCK_CAPTURE_AUTORELEASING = YES;
				CLANG_WARN_BOOL_CONVERSION = YES;
				CLANG_WARN_COMMA = YES;
				CLANG_WARN_CONSTANT_CONVERSION = YES;
				CLANG_WARN_DEPRECATED_OBJC_IMPLEMENTATIONS = YES;
				CLANG_WARN_DIRECT_OBJC_ISA_USAGE = YES_ERROR;
				CLANG_WARN_DOCUMENTATION_COMMENTS = YES;
				CLANG_WARN_EMPTY_BODY = YES;
				CLANG_WARN_ENUM_CONVERSION = YES;
				CLANG_WARN_INFINITE_RECURSION = YES;
				CLANG_WARN_INT_CONVERSION = YES;
				CLANG_WARN_NON_LITERAL_NULL_CONVERSION = YES;
				CLANG_WARN_OBJC_IMPLICIT_RETAIN_SELF = YES;
				CLANG_WARN_OBJC_LITERAL_CONVERSION = YES;
				CLANG_WARN_OBJC_ROOT_CLASS = YES_ERROR;
				CLANG_WARN_RANGE_LOOP_ANALYSIS = YES;
				CLANG_WARN_STRICT_PROTOTYPES = YES;
				CLANG_WARN_SUSPICIOUS_MOVE = YES;
				CLANG_WARN_UNGUARDED_AVAILABILITY = YES_AGGRESSIVE;
				CLANG_WARN_UNREACHABLE_CODE = YES;
				CLANG_WARN__DUPLICATE_METHOD_MATCH = YES;
				CODE_SIGN_IDENTITY = "iPhone Developer";
				COPY_PHASE_STRIP = NO;
				DEBUG_INFORMATION_FORMAT = dwarf;
				ENABLE_STRICT_OBJC_MSGSEND = YES;
				ENABLE_TESTABILITY = YES;
				GCC_C_LANGUAGE_STANDARD = gnu11;
				GCC_DYNAMIC_NO_PIC = NO;
				GCC_NO_COMMON_BLOCKS = YES;
				GCC_OPTIMIZATION_LEVEL = 0;
				GCC_PREPROCESSOR_DEFINITIONS = (
					"DEBUG=1",
					"$(inherited)",
				);
				GCC_WARN_64_TO_32_BIT_CONVERSION = YES;
				GCC_WARN_ABOUT_RETURN_TYPE = YES_ERROR;
				GCC_WARN_UNDECLARED_SELECTOR = YES;
				GCC_WARN_UNINITIALIZED_AUTOS = YES_AGGRESSIVE;
				GCC_WARN_UNUSED_FUNCTION = YES;
				GCC_WARN_UNUSED_VARIABLE = YES;
				IPHONEOS_DEPLOYMENT_TARGET = 12.2;
				MTL_ENABLE_DEBUG_INFO = INCLUDE_SOURCE;
				MTL_FAST_MATH = YES;
				ONLY_ACTIVE_ARCH = YES;
				SDKROOT = iphoneos;
				SWIFT_ACTIVE_COMPILATION_CONDITIONS = DEBUG;
				SWIFT_OPTIMIZATION_LEVEL = "-Onone";
			};
			name = Debug;
		};
		2CA9D6BF22554B03004D604C /* Release */ = {
			isa = XCBuildConfiguration;
			buildSettings = {
				ALWAYS_SEARCH_USER_PATHS = NO;
				CLANG_ANALYZER_NONNULL = YES;
				CLANG_ANALYZER_NUMBER_OBJECT_CONVERSION = YES_AGGRESSIVE;
				CLANG_CXX_LANGUAGE_STANDARD = "gnu++14";
				CLANG_CXX_LIBRARY = "libc++";
				CLANG_ENABLE_MODULES = YES;
				CLANG_ENABLE_OBJC_ARC = YES;
				CLANG_ENABLE_OBJC_WEAK = YES;
				CLANG_WARN_BLOCK_CAPTURE_AUTORELEASING = YES;
				CLANG_WARN_BOOL_CONVERSION = YES;
				CLANG_WARN_COMMA = YES;
				CLANG_WARN_CONSTANT_CONVERSION = YES;
				CLANG_WARN_DEPRECATED_OBJC_IMPLEMENTATIONS = YES;
				CLANG_WARN_DIRECT_OBJC_ISA_USAGE = YES_ERROR;
				CLANG_WARN_DOCUMENTATION_COMMENTS = YES;
				CLANG_WARN_EMPTY_BODY = YES;
				CLANG_WARN_ENUM_CONVERSION = YES;
				CLANG_WARN_INFINITE_RECURSION = YES;
				CLANG_WARN_INT_CONVERSION = YES;
				CLANG_WARN_NON_LITERAL_NULL_CONVERSION = YES;
				CLANG_WARN_OBJC_IMPLICIT_RETAIN_SELF = YES;
				CLANG_WARN_OBJC_LITERAL_CONVERSION = YES;
				CLANG_WARN_OBJC_ROOT_CLASS = YES_ERROR;
				CLANG_WARN_RANGE_LOOP_ANALYSIS = YES;
				CLANG_WARN_STRICT_PROTOTYPES = YES;
				CLANG_WARN_SUSPICIOUS_MOVE = YES;
				CLANG_WARN_UNGUARDED_AVAILABILITY = YES_AGGRESSIVE;
				CLANG_WARN_UNREACHABLE_CODE = YES;
				CLANG_WARN__DUPLICATE_METHOD_MATCH = YES;
				CODE_SIGN_IDENTITY = "iPhone Developer";
				COPY_PHASE_STRIP = NO;
				DEBUG_INFORMATION_FORMAT = "dwarf-with-dsym";
				ENABLE_NS_ASSERTIONS = NO;
				ENABLE_STRICT_OBJC_MSGSEND = YES;
				GCC_C_LANGUAGE_STANDARD = gnu11;
				GCC_NO_COMMON_BLOCKS = YES;
				GCC_WARN_64_TO_32_BIT_CONVERSION = YES;
				GCC_WARN_ABOUT_RETURN_TYPE = YES_ERROR;
				GCC_WARN_UNDECLARED_SELECTOR = YES;
				GCC_WARN_UNINITIALIZED_AUTOS = YES_AGGRESSIVE;
				GCC_WARN_UNUSED_FUNCTION = YES;
				GCC_WARN_UNUSED_VARIABLE = YES;
				IPHONEOS_DEPLOYMENT_TARGET = 12.2;
				MTL_ENABLE_DEBUG_INFO = NO;
				MTL_FAST_MATH = YES;
				SDKROOT = iphoneos;
				SWIFT_COMPILATION_MODE = wholemodule;
				SWIFT_OPTIMIZATION_LEVEL = "-O";
				VALIDATE_PRODUCT = YES;
			};
			name = Release;
		};
		2CA9D6C122554B03004D604C /* Debug */ = {
			isa = XCBuildConfiguration;
			buildSettings = {
				ASSETCATALOG_COMPILER_APPICON_NAME = AppIcon;
				CODE_SIGN_STYLE = Automatic;
				DEVELOPMENT_TEAM = 2BULHRS882;
				INFOPLIST_FILE = SkeletonShooter/Info.plist;
				LD_RUNPATH_SEARCH_PATHS = (
					"$(inherited)",
					"@executable_path/Frameworks",
				);
				PRODUCT_BUNDLE_IDENTIFIER = ca.centennialcollege.SkeletonShooter;
				PRODUCT_NAME = "$(TARGET_NAME)";
				SWIFT_VERSION = 5.0;
				TARGETED_DEVICE_FAMILY = "1,2";
			};
			name = Debug;
		};
		2CA9D6C222554B03004D604C /* Release */ = {
			isa = XCBuildConfiguration;
			buildSettings = {
				ASSETCATALOG_COMPILER_APPICON_NAME = AppIcon;
				CODE_SIGN_STYLE = Automatic;
				DEVELOPMENT_TEAM = 2BULHRS882;
				INFOPLIST_FILE = SkeletonShooter/Info.plist;
				LD_RUNPATH_SEARCH_PATHS = (
					"$(inherited)",
					"@executable_path/Frameworks",
				);
				PRODUCT_BUNDLE_IDENTIFIER = ca.centennialcollege.SkeletonShooter;
				PRODUCT_NAME = "$(TARGET_NAME)";
				SWIFT_VERSION = 5.0;
				TARGETED_DEVICE_FAMILY = "1,2";
			};
			name = Release;
		};
/* End XCBuildConfiguration section */

/* Begin XCConfigurationList section */
		2CA9D6A922554AFC004D604C /* Build configuration list for PBXProject "SkeletonShooter" */ = {
			isa = XCConfigurationList;
			buildConfigurations = (
				2CA9D6BE22554B03004D604C /* Debug */,
				2CA9D6BF22554B03004D604C /* Release */,
			);
			defaultConfigurationIsVisible = 0;
			defaultConfigurationName = Release;
		};
		2CA9D6C022554B03004D604C /* Build configuration list for PBXNativeTarget "SkeletonShooter" */ = {
			isa = XCConfigurationList;
			buildConfigurations = (
				2CA9D6C122554B03004D604C /* Debug */,
				2CA9D6C222554B03004D604C /* Release */,
			);
			defaultConfigurationIsVisible = 0;
			defaultConfigurationName = Release;
		};
/* End XCConfigurationList section */
	};
	rootObject = 2CA9D6A622554AFC004D604C /* Project object */;
}
